{
  "name": "edge-ip-api",
  "version": "1.0.0",
  "lockfileVersion": 3,
  "requires": true,
  "packages": {
    "": {
      "name": "edge-ip-api",
      "version": "1.0.0",
      "license": "MIT",
      "dependencies": {
        "@vercel/edge": "^1.1.1"
      }
    },
    "node_modules/@vercel/edge": {
      "version": "1.1.1",
      "resolved": "https://registry.npmmirror.com/@vercel/edge/-/edge-1.1.1.tgz",
      "integrity": "sha512-NtKiIbn9Cq6HWGy+qRudz28mz5nxfOJWls5Pnckjw1yCfSX8rhXdvY/il3Sy3Zd5n/sKCM2h7VSCCpJF/oaDrQ=="
    }
  }
}
